
Microsoft Visual Studio Solution File, Format Version 12.00
# Visual Studio Version 17
VisualStudioVersion = 17.7.34031.279
MinimumVisualStudioVersion = 10.0.40219.1
Project("{2150E333-8FDC-42A3-9474-1A3956D46DE8}") = "07 - Models", "07 - Models", "{6E483B83-86F7-469C-BD19-448D8E3696AE}"
EndProject
Project("{2150E333-8FDC-42A3-9474-1A3956D46DE8}") = "01 - Presentation", "01 - Presentation", "{7E996E97-04F4-4115-8209-5324704E199C}"
EndProject
Project("{2150E333-8FDC-42A3-9474-1A3956D46DE8}") = "02 - Application", "02 - Application", "{3DF54CD3-B003-4DCC-A564-A3D500AA2362}"
EndProject
Project("{2150E333-8FDC-42A3-9474-1A3956D46DE8}") = "03 - Core", "03 - Core", "{956D3E44-CD3C-4A8A-AFD5-C6DD9D7D287B}"
EndProject
Project("{2150E333-8FDC-42A3-9474-1A3956D46DE8}") = "04 - Abstractions", "04 - Abstractions", "{A128BBC1-5FCE-4C17-9AAD-E84182CF6829}"
EndProject
Project("{2150E333-8FDC-42A3-9474-1A3956D46DE8}") = "05 - Infrastructure", "05 - Infrastructure", "{BB5FD740-C48B-4419-95C8-F36370FFBD41}"
EndProject
Project("{2150E333-8FDC-42A3-9474-1A3956D46DE8}") = "06 - Persistence", "06 - Persistence", "{8B25533B-D2FE-4F0C-A6DC-B30B250A31D7}"
EndProject
Project("{2150E333-8FDC-42A3-9474-1A3956D46DE8}") = "08 - Tests", "08 - Tests", "{2C4DCEA5-472E-4520-A5AA-E510ECA2F20B}"
EndProject
Project("{9A19103F-16F7-4668-BE54-9A1E7A4F7556}") = "MsaTec.Model", "MsaTec.Model\MsaTec.Model.csproj", "{C44F3767-F95A-44CC-AEB8-5F7F72A4D02C}"
EndProject
Project("{9A19103F-16F7-4668-BE54-9A1E7A4F7556}") = "MsaTec.Core", "MsaTec.Core\MsaTec.Core.csproj", "{092AFC18-5443-401A-9518-D7FD6C4F01B4}"
EndProject
Project("{9A19103F-16F7-4668-BE54-9A1E7A4F7556}") = "MsaTec.Abstractions", "MsaTec.Abstractions\MsaTec.Abstractions.csproj", "{48B25F5F-0429-4824-B23A-2AC2AD3212F0}"
EndProject
Project("{9A19103F-16F7-4668-BE54-9A1E7A4F7556}") = "MsaTec.DAL", "MsaTec.DAL\MsaTec.DAL.csproj", "{53E7DDA5-3BBC-478E-A6A0-92D4841B22DA}"
EndProject
Project("{9A19103F-16F7-4668-BE54-9A1E7A4F7556}") = "MsaTec.IoC", "MsaTec.IoC\MsaTec.IoC.csproj", "{07490951-A008-4F38-B8A6-AE2A032955ED}"
EndProject
Project("{9A19103F-16F7-4668-BE54-9A1E7A4F7556}") = "MsaTec.Hubs", "MsaTec.Hubs\MsaTec.Hubs.csproj", "{B24E2917-6769-464E-943B-12FA9E6D3938}"
EndProject
Project("{9A19103F-16F7-4668-BE54-9A1E7A4F7556}") = "MsaTec.Application", "MsaTec.Application\MsaTec.Application.csproj", "{0840FF62-057F-4001-8D96-F577968ED4D7}"
EndProject
Project("{9A19103F-16F7-4668-BE54-9A1E7A4F7556}") = "MsaTec.WebApi", "MsaTecWebApi\MsaTec.WebApi.csproj", "{B156B00D-9BD7-4D99-B4DD-7B40D05AAAA9}"
EndProject
Project("{9A19103F-16F7-4668-BE54-9A1E7A4F7556}") = "MsaTec.Abstractions.Tests", "..\Tests\MsaTec.Abstractions.Tests\MsaTec.Abstractions.Tests.csproj", "{A433ADA2-7213-4DA6-9B04-5F5C44C69698}"
EndProject
Project("{9A19103F-16F7-4668-BE54-9A1E7A4F7556}") = "MsaTec.Application.Tests", "..\Tests\MsaTec.Application.Tests\MsaTec.Application.Tests.csproj", "{F91D83F2-59B6-44C3-9EAC-DF0B81B25484}"
EndProject
Project("{9A19103F-16F7-4668-BE54-9A1E7A4F7556}") = "MsaTec.Architecture.Tests", "..\Tests\MsaTec.Architecture.Tests\MsaTec.Architecture.Tests.csproj", "{BAB83EA5-EEE5-4059-B33B-9D69E9B4041D}"
EndProject
Project("{9A19103F-16F7-4668-BE54-9A1E7A4F7556}") = "MsaTec.Core.Tests", "..\Tests\MsaTec.Core.Tests\MsaTec.Core.Tests.csproj", "{C6112965-23BE-474A-ABC6-EF691E40EFEE}"
EndProject
Project("{9A19103F-16F7-4668-BE54-9A1E7A4F7556}") = "MsaTec.DAL.Tests", "..\Tests\MsaTec.DAL.Tests\MsaTec.DAL.Tests.csproj", "{45DB8892-6F61-4797-96CC-DCB327A5C0C0}"
EndProject
Project("{9A19103F-16F7-4668-BE54-9A1E7A4F7556}") = "MsaTec.IoC.Tests", "..\Tests\MsaTec.IoC.Tests\MsaTec.IoC.Tests.csproj", "{4BED969C-5B42-4172-BA6F-60E3C9B85BF9}"
EndProject
Project("{9A19103F-16F7-4668-BE54-9A1E7A4F7556}") = "MsaTec.Model.Tests", "..\Tests\MsaTec.Model.Tests\MsaTec.Model.Tests.csproj", "{B8E4FBBF-25DD-44FC-8C9C-AF35F38DE31F}"
EndProject
Project("{9A19103F-16F7-4668-BE54-9A1E7A4F7556}") = "MsaTec.Presentation.Tests", "..\Tests\MsaTec.Presentation.Tests\MsaTec.Presentation.Tests.csproj", "{893BFA78-040F-405D-80C1-C87830A42A80}"
EndProject
Global
	GlobalSection(SolutionConfigurationPlatforms) = preSolution
		Debug|Any CPU = Debug|Any CPU
		Release|Any CPU = Release|Any CPU
	EndGlobalSection
	GlobalSection(ProjectConfigurationPlatforms) = postSolution
		{C44F3767-F95A-44CC-AEB8-5F7F72A4D02C}.Debug|Any CPU.ActiveCfg = Debug|Any CPU
		{C44F3767-F95A-44CC-AEB8-5F7F72A4D02C}.Debug|Any CPU.Build.0 = Debug|Any CPU
		{C44F3767-F95A-44CC-AEB8-5F7F72A4D02C}.Release|Any CPU.ActiveCfg = Release|Any CPU
		{C44F3767-F95A-44CC-AEB8-5F7F72A4D02C}.Release|Any CPU.Build.0 = Release|Any CPU
		{092AFC18-5443-401A-9518-D7FD6C4F01B4}.Debug|Any CPU.ActiveCfg = Debug|Any CPU
		{092AFC18-5443-401A-9518-D7FD6C4F01B4}.Debug|Any CPU.Build.0 = Debug|Any CPU
		{092AFC18-5443-401A-9518-D7FD6C4F01B4}.Release|Any CPU.ActiveCfg = Release|Any CPU
		{092AFC18-5443-401A-9518-D7FD6C4F01B4}.Release|Any CPU.Build.0 = Release|Any CPU
		{48B25F5F-0429-4824-B23A-2AC2AD3212F0}.Debug|Any CPU.ActiveCfg = Debug|Any CPU
		{48B25F5F-0429-4824-B23A-2AC2AD3212F0}.Debug|Any CPU.Build.0 = Debug|Any CPU
		{48B25F5F-0429-4824-B23A-2AC2AD3212F0}.Release|Any CPU.ActiveCfg = Release|Any CPU
		{48B25F5F-0429-4824-B23A-2AC2AD3212F0}.Release|Any CPU.Build.0 = Release|Any CPU
		{53E7DDA5-3BBC-478E-A6A0-92D4841B22DA}.Debug|Any CPU.ActiveCfg = Debug|Any CPU
		{53E7DDA5-3BBC-478E-A6A0-92D4841B22DA}.Debug|Any CPU.Build.0 = Debug|Any CPU
		{53E7DDA5-3BBC-478E-A6A0-92D4841B22DA}.Release|Any CPU.ActiveCfg = Release|Any CPU
		{53E7DDA5-3BBC-478E-A6A0-92D4841B22DA}.Release|Any CPU.Build.0 = Release|Any CPU
		{07490951-A008-4F38-B8A6-AE2A032955ED}.Debug|Any CPU.ActiveCfg = Debug|Any CPU
		{07490951-A008-4F38-B8A6-AE2A032955ED}.Debug|Any CPU.Build.0 = Debug|Any CPU
		{07490951-A008-4F38-B8A6-AE2A032955ED}.Release|Any CPU.ActiveCfg = Release|Any CPU
		{07490951-A008-4F38-B8A6-AE2A032955ED}.Release|Any CPU.Build.0 = Release|Any CPU
		{B24E2917-6769-464E-943B-12FA9E6D3938}.Debug|Any CPU.ActiveCfg = Debug|Any CPU
		{B24E2917-6769-464E-943B-12FA9E6D3938}.Debug|Any CPU.Build.0 = Debug|Any CPU
		{B24E2917-6769-464E-943B-12FA9E6D3938}.Release|Any CPU.ActiveCfg = Release|Any CPU
		{B24E2917-6769-464E-943B-12FA9E6D3938}.Release|Any CPU.Build.0 = Release|Any CPU
		{0840FF62-057F-4001-8D96-F577968ED4D7}.Debug|Any CPU.ActiveCfg = Debug|Any CPU
		{0840FF62-057F-4001-8D96-F577968ED4D7}.Debug|Any CPU.Build.0 = Debug|Any CPU
		{0840FF62-057F-4001-8D96-F577968ED4D7}.Release|Any CPU.ActiveCfg = Release|Any CPU
		{0840FF62-057F-4001-8D96-F577968ED4D7}.Release|Any CPU.Build.0 = Release|Any CPU
		{B156B00D-9BD7-4D99-B4DD-7B40D05AAAA9}.Debug|Any CPU.ActiveCfg = Debug|Any CPU
		{B156B00D-9BD7-4D99-B4DD-7B40D05AAAA9}.Debug|Any CPU.Build.0 = Debug|Any CPU
		{B156B00D-9BD7-4D99-B4DD-7B40D05AAAA9}.Release|Any CPU.ActiveCfg = Release|Any CPU
		{B156B00D-9BD7-4D99-B4DD-7B40D05AAAA9}.Release|Any CPU.Build.0 = Release|Any CPU
		{A433ADA2-7213-4DA6-9B04-5F5C44C69698}.Debug|Any CPU.ActiveCfg = Debug|Any CPU
		{A433ADA2-7213-4DA6-9B04-5F5C44C69698}.Debug|Any CPU.Build.0 = Debug|Any CPU
		{A433ADA2-7213-4DA6-9B04-5F5C44C69698}.Release|Any CPU.ActiveCfg = Release|Any CPU
		{A433ADA2-7213-4DA6-9B04-5F5C44C69698}.Release|Any CPU.Build.0 = Release|Any CPU
		{F91D83F2-59B6-44C3-9EAC-DF0B81B25484}.Debug|Any CPU.ActiveCfg = Debug|Any CPU
		{F91D83F2-59B6-44C3-9EAC-DF0B81B25484}.Debug|Any CPU.Build.0 = Debug|Any CPU
		{F91D83F2-59B6-44C3-9EAC-DF0B81B25484}.Release|Any CPU.ActiveCfg = Release|Any CPU
		{F91D83F2-59B6-44C3-9EAC-DF0B81B25484}.Release|Any CPU.Build.0 = Release|Any CPU
		{BAB83EA5-EEE5-4059-B33B-9D69E9B4041D}.Debug|Any CPU.ActiveCfg = Debug|Any CPU
		{BAB83EA5-EEE5-4059-B33B-9D69E9B4041D}.Debug|Any CPU.Build.0 = Debug|Any CPU
		{BAB83EA5-EEE5-4059-B33B-9D69E9B4041D}.Release|Any CPU.ActiveCfg = Release|Any CPU
		{BAB83EA5-EEE5-4059-B33B-9D69E9B4041D}.Release|Any CPU.Build.0 = Release|Any CPU
		{C6112965-23BE-474A-ABC6-EF691E40EFEE}.Debug|Any CPU.ActiveCfg = Debug|Any CPU
		{C6112965-23BE-474A-ABC6-EF691E40EFEE}.Debug|Any CPU.Build.0 = Debug|Any CPU
		{C6112965-23BE-474A-ABC6-EF691E40EFEE}.Release|Any CPU.ActiveCfg = Release|Any CPU
		{C6112965-23BE-474A-ABC6-EF691E40EFEE}.Release|Any CPU.Build.0 = Release|Any CPU
		{45DB8892-6F61-4797-96CC-DCB327A5C0C0}.Debug|Any CPU.ActiveCfg = Debug|Any CPU
		{45DB8892-6F61-4797-96CC-DCB327A5C0C0}.Debug|Any CPU.Build.0 = Debug|Any CPU
		{45DB8892-6F61-4797-96CC-DCB327A5C0C0}.Release|Any CPU.ActiveCfg = Release|Any CPU
		{45DB8892-6F61-4797-96CC-DCB327A5C0C0}.Release|Any CPU.Build.0 = Release|Any CPU
		{4BED969C-5B42-4172-BA6F-60E3C9B85BF9}.Debug|Any CPU.ActiveCfg = Debug|Any CPU
		{4BED969C-5B42-4172-BA6F-60E3C9B85BF9}.Debug|Any CPU.Build.0 = Debug|Any CPU
		{4BED969C-5B42-4172-BA6F-60E3C9B85BF9}.Release|Any CPU.ActiveCfg = Release|Any CPU
		{4BED969C-5B42-4172-BA6F-60E3C9B85BF9}.Release|Any CPU.Build.0 = Release|Any CPU
		{B8E4FBBF-25DD-44FC-8C9C-AF35F38DE31F}.Debug|Any CPU.ActiveCfg = Debug|Any CPU
		{B8E4FBBF-25DD-44FC-8C9C-AF35F38DE31F}.Debug|Any CPU.Build.0 = Debug|Any CPU
		{B8E4FBBF-25DD-44FC-8C9C-AF35F38DE31F}.Release|Any CPU.ActiveCfg = Release|Any CPU
		{B8E4FBBF-25DD-44FC-8C9C-AF35F38DE31F}.Release|Any CPU.Build.0 = Release|Any CPU
		{893BFA78-040F-405D-80C1-C87830A42A80}.Debug|Any CPU.ActiveCfg = Debug|Any CPU
		{893BFA78-040F-405D-80C1-C87830A42A80}.Debug|Any CPU.Build.0 = Debug|Any CPU
		{893BFA78-040F-405D-80C1-C87830A42A80}.Release|Any CPU.ActiveCfg = Release|Any CPU
		{893BFA78-040F-405D-80C1-C87830A42A80}.Release|Any CPU.Build.0 = Release|Any CPU
	EndGlobalSection
	GlobalSection(SolutionProperties) = preSolution
		HideSolutionNode = FALSE
	EndGlobalSection
	GlobalSection(NestedProjects) = preSolution
		{C44F3767-F95A-44CC-AEB8-5F7F72A4D02C} = {6E483B83-86F7-469C-BD19-448D8E3696AE}
		{092AFC18-5443-401A-9518-D7FD6C4F01B4} = {956D3E44-CD3C-4A8A-AFD5-C6DD9D7D287B}
		{48B25F5F-0429-4824-B23A-2AC2AD3212F0} = {A128BBC1-5FCE-4C17-9AAD-E84182CF6829}
		{53E7DDA5-3BBC-478E-A6A0-92D4841B22DA} = {8B25533B-D2FE-4F0C-A6DC-B30B250A31D7}
		{07490951-A008-4F38-B8A6-AE2A032955ED} = {BB5FD740-C48B-4419-95C8-F36370FFBD41}
		{B24E2917-6769-464E-943B-12FA9E6D3938} = {BB5FD740-C48B-4419-95C8-F36370FFBD41}
		{0840FF62-057F-4001-8D96-F577968ED4D7} = {3DF54CD3-B003-4DCC-A564-A3D500AA2362}
		{B156B00D-9BD7-4D99-B4DD-7B40D05AAAA9} = {7E996E97-04F4-4115-8209-5324704E199C}
		{A433ADA2-7213-4DA6-9B04-5F5C44C69698} = {2C4DCEA5-472E-4520-A5AA-E510ECA2F20B}
		{F91D83F2-59B6-44C3-9EAC-DF0B81B25484} = {2C4DCEA5-472E-4520-A5AA-E510ECA2F20B}
		{BAB83EA5-EEE5-4059-B33B-9D69E9B4041D} = {2C4DCEA5-472E-4520-A5AA-E510ECA2F20B}
		{C6112965-23BE-474A-ABC6-EF691E40EFEE} = {2C4DCEA5-472E-4520-A5AA-E510ECA2F20B}
		{45DB8892-6F61-4797-96CC-DCB327A5C0C0} = {2C4DCEA5-472E-4520-A5AA-E510ECA2F20B}
		{4BED969C-5B42-4172-BA6F-60E3C9B85BF9} = {2C4DCEA5-472E-4520-A5AA-E510ECA2F20B}
		{B8E4FBBF-25DD-44FC-8C9C-AF35F38DE31F} = {2C4DCEA5-472E-4520-A5AA-E510ECA2F20B}
		{893BFA78-040F-405D-80C1-C87830A42A80} = {2C4DCEA5-472E-4520-A5AA-E510ECA2F20B}
	EndGlobalSection
	GlobalSection(ExtensibilityGlobals) = postSolution
		SolutionGuid = {4CD82322-1F52-4BE4-B70F-00F8B7790898}
	EndGlobalSection
EndGlobal
